
Microsoft Visual Studio Solution File, Format Version 12.00
# Visual Studio Version 17
VisualStudioVersion = 17.8.34511.84
MinimumVisualStudioVersion = 10.0.40219.1
Project("{FAE04EC0-301F-11D3-BF4B-00C04F79EFBC}") = "Diplom", "Diplom\Diplom.csproj", "{4AB93CE8-CA9C-466A-9EE6-8F8B1D88B949}"
EndProject
Global
	GlobalSection(SolutionConfigurationPlatforms) = preSolution
		Debug|Any CPU = Debug|Any CPU
		Release|Any CPU = Release|Any CPU
	EndGlobalSection
	GlobalSection(ProjectConfigurationPlatforms) = postSolution
		{4AB93CE8-CA9C-466A-9EE6-8F8B1D88B949}.Debug|Any CPU.ActiveCfg = Debug|Any CPU
		{4AB93CE8-CA9C-466A-9EE6-8F8B1D88B949}.Debug|Any CPU.Build.0 = Debug|Any CPU
		{4AB93CE8-CA9C-466A-9EE6-8F8B1D88B949}.Release|Any CPU.ActiveCfg = Release|Any CPU
		{4AB93CE8-CA9C-466A-9EE6-8F8B1D88B949}.Release|Any CPU.Build.0 = Release|Any CPU
	EndGlobalSection
	GlobalSection(SolutionProperties) = preSolution
		HideSolutionNode = FALSE
	EndGlobalSection
	GlobalSection(ExtensibilityGlobals) = postSolution
		SolutionGuid = {A078949B-F140-4DC7-A765-A8F1EEBFD0A4}
	EndGlobalSection
EndGlobal
